{
  "name": "abap2ui5-test",
  "version": "1.0.0",
  "lockfileVersion": 3,
  "requires": true,
  "packages": {
    "": {
      "name": "abap2ui5-test",
      "version": "1.0.0",
      "license": "MIT",
      "devDependencies": {
        "@abaplint/cli": "^2.120.3"
      },
      "engines": {
        "node": ">=22"
      }
    },
    "node_modules/@abaplint/cli": {
      "version": "2.120.19",
      "resolved": "https://registry.npmjs.org/@abaplint/cli/-/cli-2.120.19.tgz",
      "integrity": "sha512-O0raxqupMSF2Bz/fWXhbxexbr9YfkzYDE/Toqt/TREXBMUh7RgRcMd037ZJpVPJcJlyDSwb0c5q9s9D539l8QQ==",
      "dev": true,
      "license": "MIT",
      "bin": {
        "abaplint": "abaplint"
      },
      "engines": {
        "node": ">=18.0.0"
      },
      "funding": {
        "url": "https://github.com/sponsors/larshp"
      }
    }
  }
}
