{
  "name": "abap2ui5-test",
  "version": "1.0.0",
  "lockfileVersion": 3,
  "requires": true,
  "packages": {
    "": {
      "name": "abap2ui5-test",
      "version": "1.0.0",
      "license": "MIT",
      "devDependencies": {
        "@abaplint/cli": "^2.120.70"
      },
      "engines": {
        "node": ">=22"
      }
    },
    "node_modules/@abaplint/cli": {
      "version": "2.120.70",
      "resolved": "https://registry.npmjs.org/@abaplint/cli/-/cli-2.120.70.tgz",
      "integrity": "sha512-2iK7D/2FChsGj9qllA34XoO39lhuD6u0kR3OtA4beS6Yujjy4C2i9e5r+9DXdZAA0bwTRupo2POY+MS45KeSog==",
      "dev": true,
      "license": "MIT",
      "bin": {
        "abaplint": "abaplint"
      },
      "engines": {
        "node": ">=22.0.0"
      },
      "funding": {
        "url": "https://github.com/sponsors/larshp"
      }
    }
  }
}
